// !$*UTF8*$!
{
	archiveVersion = 1;
	classes = {
	};
	objectVersion = 50;
	objects = {

/* Begin PBXBuildFile section */
		1103F63B228EF17900956738 /* AppDelegate.swift in Sources */ = {isa = PBXBuildFile; fileRef = 1103F63A228EF17900956738 /* AppDelegate.swift */; };
		1103F640228EF17900956738 /* Main.storyboard in Resources */ = {isa = PBXBuildFile; fileRef = 1103F63E228EF17900956738 /* Main.storyboard */; };
		1103F643228EF17900956738 /* FoodRater.xcdatamodeld in Sources */ = {isa = PBXBuildFile; fileRef = 1103F641228EF17900956738 /* FoodRater.xcdatamodeld */; };
		1103F645228EF17B00956738 /* Assets.xcassets in Resources */ = {isa = PBXBuildFile; fileRef = 1103F644228EF17B00956738 /* Assets.xcassets */; };
		1103F648228EF17B00956738 /* LaunchScreen.storyboard in Resources */ = {isa = PBXBuildFile; fileRef = 1103F646228EF17B00956738 /* LaunchScreen.storyboard */; };
		1103F650228EFBAD00956738 /* FoodLogTableViewController.swift in Sources */ = {isa = PBXBuildFile; fileRef = 1103F64F228EFBAD00956738 /* FoodLogTableViewController.swift */; };
		1103F652228EFBF000956738 /* TrackingViewController.swift in Sources */ = {isa = PBXBuildFile; fileRef = 1103F651228EFBF000956738 /* TrackingViewController.swift */; };
		11FB5AE7229089C700F180B6 /* FoodTableViewCell.swift in Sources */ = {isa = PBXBuildFile; fileRef = 11FB5AE6229089C700F180B6 /* FoodTableViewCell.swift */; };
		11FB5AE922909AE900F180B6 /* FoodDetailViewController.swift in Sources */ = {isa = PBXBuildFile; fileRef = 11FB5AE822909AE900F180B6 /* FoodDetailViewController.swift */; };
/* End PBXBuildFile section */

/* Begin PBXFileReference section */
		1103F637228EF17900956738 /* FoodRater.app */ = {isa = PBXFileReference; explicitFileType = wrapper.application; includeInIndex = 0; path = FoodRater.app; sourceTree = BUILT_PRODUCTS_DIR; };
		1103F63A228EF17900956738 /* AppDelegate.swift */ = {isa = PBXFileReference; lastKnownFileType = sourcecode.swift; path = AppDelegate.swift; sourceTree = "<group>"; };
		1103F63F228EF17900956738 /* Base */ = {isa = PBXFileReference; lastKnownFileType = file.storyboard; name = Base; path = Base.lproj/Main.storyboard; sourceTree = "<group>"; };
		1103F642228EF17900956738 /* FoodRater.xcdatamodel */ = {isa = PBXFileReference; lastKnownFileType = wrapper.xcdatamodel; path = FoodRater.xcdatamodel; sourceTree = "<group>"; };
		1103F644228EF17B00956738 /* Assets.xcassets */ = {isa = PBXFileReference; lastKnownFileType = folder.assetcatalog; path = Assets.xcassets; sourceTree = "<group>"; };
		1103F647228EF17B00956738 /* Base */ = {isa = PBXFileReference; lastKnownFileType = file.storyboard; name = Base; path = Base.lproj/LaunchScreen.storyboard; sourceTree = "<group>"; };
		1103F649228EF17B00956738 /* Info.plist */ = {isa = PBXFileReference; lastKnownFileType = text.plist.xml; path = Info.plist; sourceTree = "<group>"; };
		1103F64F228EFBAD00956738 /* FoodLogTableViewController.swift */ = {isa = PBXFileReference; lastKnownFileType = sourcecode.swift; path = FoodLogTableViewController.swift; sourceTree = "<group>"; };
		1103F651228EFBF000956738 /* TrackingViewController.swift */ = {isa = PBXFileReference; lastKnownFileType = sourcecode.swift; path = TrackingViewController.swift; sourceTree = "<group>"; };
		11FB5AE6229089C700F180B6 /* FoodTableViewCell.swift */ = {isa = PBXFileReference; lastKnownFileType = sourcecode.swift; path = FoodTableViewCell.swift; sourceTree = "<group>"; };
		11FB5AE822909AE900F180B6 /* FoodDetailViewController.swift */ = {isa = PBXFileReference; lastKnownFileType = sourcecode.swift; path = FoodDetailViewController.swift; sourceTree = "<group>"; };
/* End PBXFileReference section */

/* Begin PBXFrameworksBuildPhase section */
		1103F634228EF17900956738 /* Frameworks */ = {
			isa = PBXFrameworksBuildPhase;
			buildActionMask = 2147483647;
			files = (
			);
			runOnlyForDeploymentPostprocessing = 0;
		};
/* End PBXFrameworksBuildPhase section */

/* Begin PBXGroup section */
		1103F62E228EF17900956738 = {
			isa = PBXGroup;
			children = (
				1103F639228EF17900956738 /* FoodRater */,
				1103F638228EF17900956738 /* Products */,
			);
			sourceTree = "<group>";
		};
		1103F638228EF17900956738 /* Products */ = {
			isa = PBXGroup;
			children = (
				1103F637228EF17900956738 /* FoodRater.app */,
			);
			name = Products;
			sourceTree = "<group>";
		};
		1103F639228EF17900956738 /* FoodRater */ = {
			isa = PBXGroup;
			children = (
				1103F63A228EF17900956738 /* AppDelegate.swift */,
				1103F653228EFD6100956738 /* Controllers */,
				1103F655228EFDB100956738 /* Views */,
				1103F654228EFD8E00956738 /* Models */,
				1103F644228EF17B00956738 /* Assets.xcassets */,
				1103F649228EF17B00956738 /* Info.plist */,
			);
			path = FoodRater;
			sourceTree = "<group>";
		};
		1103F653228EFD6100956738 /* Controllers */ = {
			isa = PBXGroup;
			children = (
				1103F64F228EFBAD00956738 /* FoodLogTableViewController.swift */,
				11FB5AE6229089C700F180B6 /* FoodTableViewCell.swift */,
				1103F651228EFBF000956738 /* TrackingViewController.swift */,
				11FB5AE822909AE900F180B6 /* FoodDetailViewController.swift */,
			);
			path = Controllers;
			sourceTree = "<group>";
		};
		1103F654228EFD8E00956738 /* Models */ = {
			isa = PBXGroup;
			children = (
				1103F641228EF17900956738 /* FoodRater.xcdatamodeld */,
			);
			path = Models;
			sourceTree = "<group>";
		};
		1103F655228EFDB100956738 /* Views */ = {
			isa = PBXGroup;
			children = (
				1103F646228EF17B00956738 /* LaunchScreen.storyboard */,
				1103F63E228EF17900956738 /* Main.storyboard */,
			);
			path = Views;
			sourceTree = "<group>";
		};
/* End PBXGroup section */

/* Begin PBXNativeTarget section */
		1103F636228EF17900956738 /* FoodRater */ = {
			isa = PBXNativeTarget;
			buildConfigurationList = 1103F64C228EF17B00956738 /* Build configuration list for PBXNativeTarget "FoodRater" */;
			buildPhases = (
				1103F633228EF17900956738 /* Sources */,
				1103F634228EF17900956738 /* Frameworks */,
				1103F635228EF17900956738 /* Resources */,
			);
			buildRules = (
			);
			dependencies = (
			);
			name = FoodRater;
			productName = FoodRater;
			productReference = 1103F637228EF17900956738 /* FoodRater.app */;
			productType = "com.apple.product-type.application";
		};
/* End PBXNativeTarget section */

/* Begin PBXProject section */
		1103F62F228EF17900956738 /* Project object */ = {
			isa = PBXProject;
			attributes = {
				LastSwiftUpdateCheck = 1020;
				LastUpgradeCheck = 1020;
				ORGANIZATIONNAME = "Justin Herzog";
				TargetAttributes = {
					1103F636228EF17900956738 = {
						CreatedOnToolsVersion = 10.2.1;
					};
				};
			};
			buildConfigurationList = 1103F632228EF17900956738 /* Build configuration list for PBXProject "FoodRater" */;
			compatibilityVersion = "Xcode 9.3";
			developmentRegion = en;
			hasScannedForEncodings = 0;
			knownRegions = (
				en,
				Base,
			);
			mainGroup = 1103F62E228EF17900956738;
			productRefGroup = 1103F638228EF17900956738 /* Products */;
			projectDirPath = "";
			projectRoot = "";
			targets = (
				1103F636228EF17900956738 /* FoodRater */,
			);
		};
/* End PBXProject section */

/* Begin PBXResourcesBuildPhase section */
		1103F635228EF17900956738 /* Resources */ = {
			isa = PBXResourcesBuildPhase;
			buildActionMask = 2147483647;
			files = (
				1103F648228EF17B00956738 /* LaunchScreen.storyboard in Resources */,
				1103F645228EF17B00956738 /* Assets.xcassets in Resources */,
				1103F640228EF17900956738 /* Main.storyboard in Resources */,
			);
			runOnlyForDeploymentPostprocessing = 0;
		};
/* End PBXResourcesBuildPhase section */

/* Begin PBXSourcesBuildPhase section */
		1103F633228EF17900956738 /* Sources */ = {
			isa = PBXSourcesBuildPhase;
			buildActionMask = 2147483647;
			files = (
				1103F643228EF17900956738 /* FoodRater.xcdatamodeld in Sources */,
				1103F652228EFBF000956738 /* TrackingViewController.swift in Sources */,
				11FB5AE7229089C700F180B6 /* FoodTableViewCell.swift in Sources */,
				11FB5AE922909AE900F180B6 /* FoodDetailViewController.swift in Sources */,
				1103F63B228EF17900956738 /* AppDelegate.swift in Sources */,
				1103F650228EFBAD00956738 /* FoodLogTableViewController.swift in Sources */,
			);
			runOnlyForDeploymentPostprocessing = 0;
		};
/* End PBXSourcesBuildPhase section */

/* Begin PBXVariantGroup section */
		1103F63E228EF17900956738 /* Main.storyboard */ = {
			isa = PBXVariantGroup;
			children = (
				1103F63F228EF17900956738 /* Base */,
			);
			name = Main.storyboard;
			sourceTree = "<group>";
		};
		1103F646228EF17B00956738 /* LaunchScreen.storyboard */ = {
			isa = PBXVariantGroup;
			children = (
				1103F647228EF17B00956738 /* Base */,
			);
			name = LaunchScreen.storyboard;
			sourceTree = "<group>";
		};
/* End PBXVariantGroup section */

/* Begin XCBuildConfiguration section */
		1103F64A228EF17B00956738 /* Debug */ = {
			isa = XCBuildConfiguration;
			buildSettings = {
				ALWAYS_SEARCH_USER_PATHS = NO;
				CLANG_ANALYZER_NONNULL = YES;
				CLANG_ANALYZER_NUMBER_OBJECT_CONVERSION = YES_AGGRESSIVE;
				CLANG_CXX_LANGUAGE_STANDARD = "gnu++14";
				CLANG_CXX_LIBRARY = "libc++";
				CLANG_ENABLE_MODULES = YES;
				CLANG_ENABLE_OBJC_ARC = YES;
				CLANG_ENABLE_OBJC_WEAK = YES;
				CLANG_WARN_BLOCK_CAPTURE_AUTORELEASING = YES;
				CLANG_WARN_BOOL_CONVERSION = YES;
				CLANG_WARN_COMMA = YES;
				CLANG_WARN_CONSTANT_CONVERSION = YES;
				CLANG_WARN_DEPRECATED_OBJC_IMPLEMENTATIONS = YES;
				CLANG_WARN_DIRECT_OBJC_ISA_USAGE = YES_ERROR;
				CLANG_WARN_DOCUMENTATION_COMMENTS = YES;
				CLANG_WARN_EMPTY_BODY = YES;
				CLANG_WARN_ENUM_CONVERSION = YES;
				CLANG_WARN_INFINITE_RECURSION = YES;
				CLANG_WARN_INT_CONVERSION = YES;
				CLANG_WARN_NON_LITERAL_NULL_CONVERSION = YES;
				CLANG_WARN_OBJC_IMPLICIT_RETAIN_SELF = YES;
				CLANG_WARN_OBJC_LITERAL_CONVERSION = YES;
				CLANG_WARN_OBJC_ROOT_CLASS = YES_ERROR;
				CLANG_WARN_RANGE_LOOP_ANALYSIS = YES;
				CLANG_WARN_STRICT_PROTOTYPES = YES;
				CLANG_WARN_SUSPICIOUS_MOVE = YES;
				CLANG_WARN_UNGUARDED_AVAILABILITY = YES_AGGRESSIVE;
				CLANG_WARN_UNREACHABLE_CODE = YES;
				CLANG_WARN__DUPLICATE_METHOD_MATCH = YES;
				CODE_SIGN_IDENTITY = "iPhone Developer";
				COPY_PHASE_STRIP = NO;
				DEBUG_INFORMATION_FORMAT = dwarf;
				ENABLE_STRICT_OBJC_MSGSEND = YES;
				ENABLE_TESTABILITY = YES;
				GCC_C_LANGUAGE_STANDARD = gnu11;
				GCC_DYNAMIC_NO_PIC = NO;
				GCC_NO_COMMON_BLOCKS = YES;
				GCC_OPTIMIZATION_LEVEL = 0;
				GCC_PREPROCESSOR_DEFINITIONS = (
					"DEBUG=1",
					"$(inherited)",
				);
				GCC_WARN_64_TO_32_BIT_CONVERSION = YES;
				GCC_WARN_ABOUT_RETURN_TYPE = YES_ERROR;
				GCC_WARN_UNDECLARED_SELECTOR = YES;
				GCC_WARN_UNINITIALIZED_AUTOS = YES_AGGRESSIVE;
				GCC_WARN_UNUSED_FUNCTION = YES;
				GCC_WARN_UNUSED_VARIABLE = YES;
				IPHONEOS_DEPLOYMENT_TARGET = 12.2;
				MTL_ENABLE_DEBUG_INFO = INCLUDE_SOURCE;
				MTL_FAST_MATH = YES;
				ONLY_ACTIVE_ARCH = YES;
				SDKROOT = iphoneos;
				SWIFT_ACTIVE_COMPILATION_CONDITIONS = DEBUG;
				SWIFT_OPTIMIZATION_LEVEL = "-Onone";
			};
			name = Debug;
		};
		1103F64B228EF17B00956738 /* Release */ = {
			isa = XCBuildConfiguration;
			buildSettings = {
				ALWAYS_SEARCH_USER_PATHS = NO;
				CLANG_ANALYZER_NONNULL = YES;
				CLANG_ANALYZER_NUMBER_OBJECT_CONVERSION = YES_AGGRESSIVE;
				CLANG_CXX_LANGUAGE_STANDARD = "gnu++14";
				CLANG_CXX_LIBRARY = "libc++";
				CLANG_ENABLE_MODULES = YES;
				CLANG_ENABLE_OBJC_ARC = YES;
				CLANG_ENABLE_OBJC_WEAK = YES;
				CLANG_WARN_BLOCK_CAPTURE_AUTORELEASING = YES;
				CLANG_WARN_BOOL_CONVERSION = YES;
				CLANG_WARN_COMMA = YES;
				CLANG_WARN_CONSTANT_CONVERSION = YES;
				CLANG_WARN_DEPRECATED_OBJC_IMPLEMENTATIONS = YES;
				CLANG_WARN_DIRECT_OBJC_ISA_USAGE = YES_ERROR;
				CLANG_WARN_DOCUMENTATION_COMMENTS = YES;
				CLANG_WARN_EMPTY_BODY = YES;
				CLANG_WARN_ENUM_CONVERSION = YES;
				CLANG_WARN_INFINITE_RECURSION = YES;
				CLANG_WARN_INT_CONVERSION = YES;
				CLANG_WARN_NON_LITERAL_NULL_CONVERSION = YES;
				CLANG_WARN_OBJC_IMPLICIT_RETAIN_SELF = YES;
				CLANG_WARN_OBJC_LITERAL_CONVERSION = YES;
				CLANG_WARN_OBJC_ROOT_CLASS = YES_ERROR;
				CLANG_WARN_RANGE_LOOP_ANALYSIS = YES;
				CLANG_WARN_STRICT_PROTOTYPES = YES;
				CLANG_WARN_SUSPICIOUS_MOVE = YES;
				CLANG_WARN_UNGUARDED_AVAILABILITY = YES_AGGRESSIVE;
				CLANG_WARN_UNREACHABLE_CODE = YES;
				CLANG_WARN__DUPLICATE_METHOD_MATCH = YES;
				CODE_SIGN_IDENTITY = "iPhone Developer";
				COPY_PHASE_STRIP = NO;
				DEBUG_INFORMATION_FORMAT = "dwarf-with-dsym";
				ENABLE_NS_ASSERTIONS = NO;
				ENABLE_STRICT_OBJC_MSGSEND = YES;
				GCC_C_LANGUAGE_STANDARD = gnu11;
				GCC_NO_COMMON_BLOCKS = YES;
				GCC_WARN_64_TO_32_BIT_CONVERSION = YES;
				GCC_WARN_ABOUT_RETURN_TYPE = YES_ERROR;
				GCC_WARN_UNDECLARED_SELECTOR = YES;
				GCC_WARN_UNINITIALIZED_AUTOS = YES_AGGRESSIVE;
				GCC_WARN_UNUSED_FUNCTION = YES;
				GCC_WARN_UNUSED_VARIABLE = YES;
				IPHONEOS_DEPLOYMENT_TARGET = 12.2;
				MTL_ENABLE_DEBUG_INFO = NO;
				MTL_FAST_MATH = YES;
				SDKROOT = iphoneos;
				SWIFT_COMPILATION_MODE = wholemodule;
				SWIFT_OPTIMIZATION_LEVEL = "-O";
				VALIDATE_PRODUCT = YES;
			};
			name = Release;
		};
		1103F64D228EF17B00956738 /* Debug */ = {
			isa = XCBuildConfiguration;
			buildSettings = {
				ASSETCATALOG_COMPILER_APPICON_NAME = AppIcon;
				CODE_SIGN_STYLE = Automatic;
				DEVELOPMENT_TEAM = 56XJY2WYJZ;
				INFOPLIST_FILE = FoodRater/Info.plist;
				LD_RUNPATH_SEARCH_PATHS = (
					"$(inherited)",
					"@executable_path/Frameworks",
				);
				PRODUCT_BUNDLE_IDENTIFIER = ZawgApps.FoodRater;
				PRODUCT_NAME = "$(TARGET_NAME)";
				SWIFT_VERSION = 5.0;
				TARGETED_DEVICE_FAMILY = "1,2";
			};
			name = Debug;
		};
		1103F64E228EF17B00956738 /* Release */ = {
			isa = XCBuildConfiguration;
			buildSettings = {
				ASSETCATALOG_COMPILER_APPICON_NAME = AppIcon;
				CODE_SIGN_STYLE = Automatic;
				DEVELOPMENT_TEAM = 56XJY2WYJZ;
				INFOPLIST_FILE = FoodRater/Info.plist;
				LD_RUNPATH_SEARCH_PATHS = (
					"$(inherited)",
					"@executable_path/Frameworks",
				);
				PRODUCT_BUNDLE_IDENTIFIER = ZawgApps.FoodRater;
				PRODUCT_NAME = "$(TARGET_NAME)";
				SWIFT_VERSION = 5.0;
				TARGETED_DEVICE_FAMILY = "1,2";
			};
			name = Release;
		};
/* End XCBuildConfiguration section */

/* Begin XCConfigurationList section */
		1103F632228EF17900956738 /* Build configuration list for PBXProject "FoodRater" */ = {
			isa = XCConfigurationList;
			buildConfigurations = (
				1103F64A228EF17B00956738 /* Debug */,
				1103F64B228EF17B00956738 /* Release */,
			);
			defaultConfigurationIsVisible = 0;
			defaultConfigurationName = Release;
		};
		1103F64C228EF17B00956738 /* Build configuration list for PBXNativeTarget "FoodRater" */ = {
			isa = XCConfigurationList;
			buildConfigurations = (
				1103F64D228EF17B00956738 /* Debug */,
				1103F64E228EF17B00956738 /* Release */,
			);
			defaultConfigurationIsVisible = 0;
			defaultConfigurationName = Release;
		};
/* End XCConfigurationList section */

/* Begin XCVersionGroup section */
		1103F641228EF17900956738 /* FoodRater.xcdatamodeld */ = {
			isa = XCVersionGroup;
			children = (
				1103F642228EF17900956738 /* FoodRater.xcdatamodel */,
			);
			currentVersion = 1103F642228EF17900956738 /* FoodRater.xcdatamodel */;
			path = FoodRater.xcdatamodeld;
			sourceTree = "<group>";
			versionGroupType = wrapper.xcdatamodel;
		};
/* End XCVersionGroup section */
	};
	rootObject = 1103F62F228EF17900956738 /* Project object */;
}
