// !$*UTF8*$!
{
	archiveVersion = 1;
	classes = {
	};
	objectVersion = 51;
	objects = {

/* Begin PBXBuildFile section */
		11588E9B240A5A4B00E0D151 /* AppDelegate.swift in Sources */ = {isa = PBXBuildFile; fileRef = 11588E9A240A5A4B00E0D151 /* AppDelegate.swift */; };
		11588E9D240A5A4B00E0D151 /* SceneDelegate.swift in Sources */ = {isa = PBXBuildFile; fileRef = 11588E9C240A5A4B00E0D151 /* SceneDelegate.swift */; };
		11588EA2240A5A4B00E0D151 /* Main.storyboard in Resources */ = {isa = PBXBuildFile; fileRef = 11588EA0240A5A4B00E0D151 /* Main.storyboard */; };
		11588EA5240A5A4B00E0D151 /* Casino.xcdatamodeld in Sources */ = {isa = PBXBuildFile; fileRef = 11588EA3240A5A4B00E0D151 /* Casino.xcdatamodeld */; };
		11588EA7240A5A4D00E0D151 /* Assets.xcassets in Resources */ = {isa = PBXBuildFile; fileRef = 11588EA6240A5A4D00E0D151 /* Assets.xcassets */; };
		11588EAA240A5A4D00E0D151 /* LaunchScreen.storyboard in Resources */ = {isa = PBXBuildFile; fileRef = 11588EA8240A5A4D00E0D151 /* LaunchScreen.storyboard */; };
		11588EB4240A5BCC00E0D151 /* DeckFunctions.swift in Sources */ = {isa = PBXBuildFile; fileRef = 11588EB3240A5BCC00E0D151 /* DeckFunctions.swift */; };
		11588EB6240A6F5900E0D151 /* GameSelectionViewController.swift in Sources */ = {isa = PBXBuildFile; fileRef = 11588EB5240A6F5900E0D151 /* GameSelectionViewController.swift */; };
		11588EB8240AF1A900E0D151 /* LoginViewController.swift in Sources */ = {isa = PBXBuildFile; fileRef = 11588EB7240AF1A900E0D151 /* LoginViewController.swift */; };
		11588EBA240AF49400E0D151 /* GoogleService-Info.plist in Resources */ = {isa = PBXBuildFile; fileRef = 11588EB9240AF49400E0D151 /* GoogleService-Info.plist */; };
		118C183D240B8EC1002E0EAE /* BlackJackViewController.swift in Sources */ = {isa = PBXBuildFile; fileRef = 118C183C240B8EC1002E0EAE /* BlackJackViewController.swift */; };
		118C183F240B919A002E0EAE /* User.swift in Sources */ = {isa = PBXBuildFile; fileRef = 118C183E240B919A002E0EAE /* User.swift */; };
		416014F593FC14CC18129FCD /* Pods_Casino.framework in Frameworks */ = {isa = PBXBuildFile; fileRef = 959DAC358F4B82D49804CC46 /* Pods_Casino.framework */; };
/* End PBXBuildFile section */

/* Begin PBXFileReference section */
		11588E97240A5A4B00E0D151 /* Casino.app */ = {isa = PBXFileReference; explicitFileType = wrapper.application; includeInIndex = 0; path = Casino.app; sourceTree = BUILT_PRODUCTS_DIR; };
		11588E9A240A5A4B00E0D151 /* AppDelegate.swift */ = {isa = PBXFileReference; lastKnownFileType = sourcecode.swift; path = AppDelegate.swift; sourceTree = "<group>"; };
		11588E9C240A5A4B00E0D151 /* SceneDelegate.swift */ = {isa = PBXFileReference; lastKnownFileType = sourcecode.swift; path = SceneDelegate.swift; sourceTree = "<group>"; };
		11588EA1240A5A4B00E0D151 /* Base */ = {isa = PBXFileReference; lastKnownFileType = file.storyboard; name = Base; path = Base.lproj/Main.storyboard; sourceTree = "<group>"; };
		11588EA4240A5A4B00E0D151 /* Casino.xcdatamodel */ = {isa = PBXFileReference; lastKnownFileType = wrapper.xcdatamodel; path = Casino.xcdatamodel; sourceTree = "<group>"; };
		11588EA6240A5A4D00E0D151 /* Assets.xcassets */ = {isa = PBXFileReference; lastKnownFileType = folder.assetcatalog; path = Assets.xcassets; sourceTree = "<group>"; };
		11588EA9240A5A4D00E0D151 /* Base */ = {isa = PBXFileReference; lastKnownFileType = file.storyboard; name = Base; path = Base.lproj/LaunchScreen.storyboard; sourceTree = "<group>"; };
		11588EAB240A5A4D00E0D151 /* Info.plist */ = {isa = PBXFileReference; lastKnownFileType = text.plist.xml; path = Info.plist; sourceTree = "<group>"; };
		11588EB3240A5BCC00E0D151 /* DeckFunctions.swift */ = {isa = PBXFileReference; lastKnownFileType = sourcecode.swift; path = DeckFunctions.swift; sourceTree = "<group>"; };
		11588EB5240A6F5900E0D151 /* GameSelectionViewController.swift */ = {isa = PBXFileReference; lastKnownFileType = sourcecode.swift; path = GameSelectionViewController.swift; sourceTree = "<group>"; };
		11588EB7240AF1A900E0D151 /* LoginViewController.swift */ = {isa = PBXFileReference; lastKnownFileType = sourcecode.swift; path = LoginViewController.swift; sourceTree = "<group>"; };
		11588EB9240AF49400E0D151 /* GoogleService-Info.plist */ = {isa = PBXFileReference; fileEncoding = 4; lastKnownFileType = text.plist.xml; path = "GoogleService-Info.plist"; sourceTree = "<group>"; };
		11588EBB240AF8D500E0D151 /* Casino.entitlements */ = {isa = PBXFileReference; lastKnownFileType = text.plist.entitlements; path = Casino.entitlements; sourceTree = "<group>"; };
		118C183C240B8EC1002E0EAE /* BlackJackViewController.swift */ = {isa = PBXFileReference; lastKnownFileType = sourcecode.swift; path = BlackJackViewController.swift; sourceTree = "<group>"; };
		118C183E240B919A002E0EAE /* User.swift */ = {isa = PBXFileReference; lastKnownFileType = sourcecode.swift; path = User.swift; sourceTree = "<group>"; };
		363CC79C269B74350ACC58E3 /* Pods-Casino.release.xcconfig */ = {isa = PBXFileReference; includeInIndex = 1; lastKnownFileType = text.xcconfig; name = "Pods-Casino.release.xcconfig"; path = "Target Support Files/Pods-Casino/Pods-Casino.release.xcconfig"; sourceTree = "<group>"; };
		749DF73904ED84BE8A4E6B35 /* Pods-Casino.debug.xcconfig */ = {isa = PBXFileReference; includeInIndex = 1; lastKnownFileType = text.xcconfig; name = "Pods-Casino.debug.xcconfig"; path = "Target Support Files/Pods-Casino/Pods-Casino.debug.xcconfig"; sourceTree = "<group>"; };
		959DAC358F4B82D49804CC46 /* Pods_Casino.framework */ = {isa = PBXFileReference; explicitFileType = wrapper.framework; includeInIndex = 0; path = Pods_Casino.framework; sourceTree = BUILT_PRODUCTS_DIR; };
/* End PBXFileReference section */

/* Begin PBXFrameworksBuildPhase section */
		11588E94240A5A4B00E0D151 /* Frameworks */ = {
			isa = PBXFrameworksBuildPhase;
			buildActionMask = 2147483647;
			files = (
				416014F593FC14CC18129FCD /* Pods_Casino.framework in Frameworks */,
			);
			runOnlyForDeploymentPostprocessing = 0;
		};
/* End PBXFrameworksBuildPhase section */

/* Begin PBXGroup section */
		11588E8E240A5A4B00E0D151 = {
			isa = PBXGroup;
			children = (
				11588E99240A5A4B00E0D151 /* Casino */,
				11588E98240A5A4B00E0D151 /* Products */,
				D9FE19FF4677C8B56EA75A77 /* Pods */,
				7A69274E361381FE59E47983 /* Frameworks */,
			);
			sourceTree = "<group>";
		};
		11588E98240A5A4B00E0D151 /* Products */ = {
			isa = PBXGroup;
			children = (
				11588E97240A5A4B00E0D151 /* Casino.app */,
			);
			name = Products;
			sourceTree = "<group>";
		};
		11588E99240A5A4B00E0D151 /* Casino */ = {
			isa = PBXGroup;
			children = (
				11588EBB240AF8D500E0D151 /* Casino.entitlements */,
				11588E9A240A5A4B00E0D151 /* AppDelegate.swift */,
				11588E9C240A5A4B00E0D151 /* SceneDelegate.swift */,
				11588EA0240A5A4B00E0D151 /* Main.storyboard */,
				11588EA8240A5A4D00E0D151 /* LaunchScreen.storyboard */,
				11588EAB240A5A4D00E0D151 /* Info.plist */,
				11588EB9240AF49400E0D151 /* GoogleService-Info.plist */,
				11588EA6240A5A4D00E0D151 /* Assets.xcassets */,
				11588EB1240A5B7300E0D151 /* Views */,
				11588EB2240A5B8100E0D151 /* Models */,
				11588EA3240A5A4B00E0D151 /* Casino.xcdatamodeld */,
			);
			path = Casino;
			sourceTree = "<group>";
		};
		11588EB1240A5B7300E0D151 /* Views */ = {
			isa = PBXGroup;
			children = (
				11588EB7240AF1A900E0D151 /* LoginViewController.swift */,
				11588EB5240A6F5900E0D151 /* GameSelectionViewController.swift */,
				118C183C240B8EC1002E0EAE /* BlackJackViewController.swift */,
			);
			path = Views;
			sourceTree = "<group>";
		};
		11588EB2240A5B8100E0D151 /* Models */ = {
			isa = PBXGroup;
			children = (
				11588EB3240A5BCC00E0D151 /* DeckFunctions.swift */,
				118C183E240B919A002E0EAE /* User.swift */,
			);
			path = Models;
			sourceTree = "<group>";
		};
		7A69274E361381FE59E47983 /* Frameworks */ = {
			isa = PBXGroup;
			children = (
				959DAC358F4B82D49804CC46 /* Pods_Casino.framework */,
			);
			name = Frameworks;
			sourceTree = "<group>";
		};
		D9FE19FF4677C8B56EA75A77 /* Pods */ = {
			isa = PBXGroup;
			children = (
				749DF73904ED84BE8A4E6B35 /* Pods-Casino.debug.xcconfig */,
				363CC79C269B74350ACC58E3 /* Pods-Casino.release.xcconfig */,
			);
			path = Pods;
			sourceTree = "<group>";
		};
/* End PBXGroup section */

/* Begin PBXNativeTarget section */
		11588E96240A5A4B00E0D151 /* Casino */ = {
			isa = PBXNativeTarget;
			buildConfigurationList = 11588EAE240A5A4D00E0D151 /* Build configuration list for PBXNativeTarget "Casino" */;
			buildPhases = (
				D679D2143CA3A936AD9F8A66 /* [CP] Check Pods Manifest.lock */,
				11588E93240A5A4B00E0D151 /* Sources */,
				11588E94240A5A4B00E0D151 /* Frameworks */,
				11588E95240A5A4B00E0D151 /* Resources */,
				891DCE88855A08F41B726052 /* [CP] Embed Pods Frameworks */,
			);
			buildRules = (
			);
			dependencies = (
			);
			name = Casino;
			productName = Casino;
			productReference = 11588E97240A5A4B00E0D151 /* Casino.app */;
			productType = "com.apple.product-type.application";
		};
/* End PBXNativeTarget section */

/* Begin PBXProject section */
		11588E8F240A5A4B00E0D151 /* Project object */ = {
			isa = PBXProject;
			attributes = {
				LastSwiftUpdateCheck = 1130;
				LastUpgradeCheck = 1130;
				ORGANIZATIONNAME = "Justin Herzog";
				TargetAttributes = {
					11588E96240A5A4B00E0D151 = {
						CreatedOnToolsVersion = 11.3.1;
					};
				};
			};
			buildConfigurationList = 11588E92240A5A4B00E0D151 /* Build configuration list for PBXProject "Casino" */;
			compatibilityVersion = "Xcode 9.3";
			developmentRegion = en;
			hasScannedForEncodings = 0;
			knownRegions = (
				en,
				Base,
			);
			mainGroup = 11588E8E240A5A4B00E0D151;
			productRefGroup = 11588E98240A5A4B00E0D151 /* Products */;
			projectDirPath = "";
			projectRoot = "";
			targets = (
				11588E96240A5A4B00E0D151 /* Casino */,
			);
		};
/* End PBXProject section */

/* Begin PBXResourcesBuildPhase section */
		11588E95240A5A4B00E0D151 /* Resources */ = {
			isa = PBXResourcesBuildPhase;
			buildActionMask = 2147483647;
			files = (
				11588EAA240A5A4D00E0D151 /* LaunchScreen.storyboard in Resources */,
				11588EBA240AF49400E0D151 /* GoogleService-Info.plist in Resources */,
				11588EA7240A5A4D00E0D151 /* Assets.xcassets in Resources */,
				11588EA2240A5A4B00E0D151 /* Main.storyboard in Resources */,
			);
			runOnlyForDeploymentPostprocessing = 0;
		};
/* End PBXResourcesBuildPhase section */

/* Begin PBXShellScriptBuildPhase section */
		891DCE88855A08F41B726052 /* [CP] Embed Pods Frameworks */ = {
			isa = PBXShellScriptBuildPhase;
			buildActionMask = 2147483647;
			files = (
			);
			inputFileListPaths = (
				"${PODS_ROOT}/Target Support Files/Pods-Casino/Pods-Casino-frameworks-${CONFIGURATION}-input-files.xcfilelist",
			);
			name = "[CP] Embed Pods Frameworks";
			outputFileListPaths = (
				"${PODS_ROOT}/Target Support Files/Pods-Casino/Pods-Casino-frameworks-${CONFIGURATION}-output-files.xcfilelist",
			);
			runOnlyForDeploymentPostprocessing = 0;
			shellPath = /bin/sh;
			shellScript = "\"${PODS_ROOT}/Target Support Files/Pods-Casino/Pods-Casino-frameworks.sh\"\n";
			showEnvVarsInLog = 0;
		};
		D679D2143CA3A936AD9F8A66 /* [CP] Check Pods Manifest.lock */ = {
			isa = PBXShellScriptBuildPhase;
			buildActionMask = 2147483647;
			files = (
			);
			inputFileListPaths = (
			);
			inputPaths = (
				"${PODS_PODFILE_DIR_PATH}/Podfile.lock",
				"${PODS_ROOT}/Manifest.lock",
			);
			name = "[CP] Check Pods Manifest.lock";
			outputFileListPaths = (
			);
			outputPaths = (
				"$(DERIVED_FILE_DIR)/Pods-Casino-checkManifestLockResult.txt",
			);
			runOnlyForDeploymentPostprocessing = 0;
			shellPath = /bin/sh;
			shellScript = "diff \"${PODS_PODFILE_DIR_PATH}/Podfile.lock\" \"${PODS_ROOT}/Manifest.lock\" > /dev/null\nif [ $? != 0 ] ; then\n    # print error to STDERR\n    echo \"error: The sandbox is not in sync with the Podfile.lock. Run 'pod install' or update your CocoaPods installation.\" >&2\n    exit 1\nfi\n# This output is used by Xcode 'outputs' to avoid re-running this script phase.\necho \"SUCCESS\" > \"${SCRIPT_OUTPUT_FILE_0}\"\n";
			showEnvVarsInLog = 0;
		};
/* End PBXShellScriptBuildPhase section */

/* Begin PBXSourcesBuildPhase section */
		11588E93240A5A4B00E0D151 /* Sources */ = {
			isa = PBXSourcesBuildPhase;
			buildActionMask = 2147483647;
			files = (
				11588EB8240AF1A900E0D151 /* LoginViewController.swift in Sources */,
				11588EB6240A6F5900E0D151 /* GameSelectionViewController.swift in Sources */,
				11588EA5240A5A4B00E0D151 /* Casino.xcdatamodeld in Sources */,
				11588E9B240A5A4B00E0D151 /* AppDelegate.swift in Sources */,
				118C183F240B919A002E0EAE /* User.swift in Sources */,
				118C183D240B8EC1002E0EAE /* BlackJackViewController.swift in Sources */,
				11588EB4240A5BCC00E0D151 /* DeckFunctions.swift in Sources */,
				11588E9D240A5A4B00E0D151 /* SceneDelegate.swift in Sources */,
			);
			runOnlyForDeploymentPostprocessing = 0;
		};
/* End PBXSourcesBuildPhase section */

/* Begin PBXVariantGroup section */
		11588EA0240A5A4B00E0D151 /* Main.storyboard */ = {
			isa = PBXVariantGroup;
			children = (
				11588EA1240A5A4B00E0D151 /* Base */,
			);
			name = Main.storyboard;
			sourceTree = "<group>";
		};
		11588EA8240A5A4D00E0D151 /* LaunchScreen.storyboard */ = {
			isa = PBXVariantGroup;
			children = (
				11588EA9240A5A4D00E0D151 /* Base */,
			);
			name = LaunchScreen.storyboard;
			sourceTree = "<group>";
		};
/* End PBXVariantGroup section */

/* Begin XCBuildConfiguration section */
		11588EAC240A5A4D00E0D151 /* Debug */ = {
			isa = XCBuildConfiguration;
			buildSettings = {
				ALWAYS_SEARCH_USER_PATHS = NO;
				CLANG_ANALYZER_NONNULL = YES;
				CLANG_ANALYZER_NUMBER_OBJECT_CONVERSION = YES_AGGRESSIVE;
				CLANG_CXX_LANGUAGE_STANDARD = "gnu++14";
				CLANG_CXX_LIBRARY = "libc++";
				CLANG_ENABLE_MODULES = YES;
				CLANG_ENABLE_OBJC_ARC = YES;
				CLANG_ENABLE_OBJC_WEAK = YES;
				CLANG_WARN_BLOCK_CAPTURE_AUTORELEASING = YES;
				CLANG_WARN_BOOL_CONVERSION = YES;
				CLANG_WARN_COMMA = YES;
				CLANG_WARN_CONSTANT_CONVERSION = YES;
				CLANG_WARN_DEPRECATED_OBJC_IMPLEMENTATIONS = YES;
				CLANG_WARN_DIRECT_OBJC_ISA_USAGE = YES_ERROR;
				CLANG_WARN_DOCUMENTATION_COMMENTS = YES;
				CLANG_WARN_EMPTY_BODY = YES;
				CLANG_WARN_ENUM_CONVERSION = YES;
				CLANG_WARN_INFINITE_RECURSION = YES;
				CLANG_WARN_INT_CONVERSION = YES;
				CLANG_WARN_NON_LITERAL_NULL_CONVERSION = YES;
				CLANG_WARN_OBJC_IMPLICIT_RETAIN_SELF = YES;
				CLANG_WARN_OBJC_LITERAL_CONVERSION = YES;
				CLANG_WARN_OBJC_ROOT_CLASS = YES_ERROR;
				CLANG_WARN_RANGE_LOOP_ANALYSIS = YES;
				CLANG_WARN_STRICT_PROTOTYPES = YES;
				CLANG_WARN_SUSPICIOUS_MOVE = YES;
				CLANG_WARN_UNGUARDED_AVAILABILITY = YES_AGGRESSIVE;
				CLANG_WARN_UNREACHABLE_CODE = YES;
				CLANG_WARN__DUPLICATE_METHOD_MATCH = YES;
				COPY_PHASE_STRIP = NO;
				DEBUG_INFORMATION_FORMAT = dwarf;
				ENABLE_STRICT_OBJC_MSGSEND = YES;
				ENABLE_TESTABILITY = YES;
				GCC_C_LANGUAGE_STANDARD = gnu11;
				GCC_DYNAMIC_NO_PIC = NO;
				GCC_NO_COMMON_BLOCKS = YES;
				GCC_OPTIMIZATION_LEVEL = 0;
				GCC_PREPROCESSOR_DEFINITIONS = (
					"DEBUG=1",
					"$(inherited)",
				);
				GCC_WARN_64_TO_32_BIT_CONVERSION = YES;
				GCC_WARN_ABOUT_RETURN_TYPE = YES_ERROR;
				GCC_WARN_UNDECLARED_SELECTOR = YES;
				GCC_WARN_UNINITIALIZED_AUTOS = YES_AGGRESSIVE;
				GCC_WARN_UNUSED_FUNCTION = YES;
				GCC_WARN_UNUSED_VARIABLE = YES;
				IPHONEOS_DEPLOYMENT_TARGET = 13.2;
				MTL_ENABLE_DEBUG_INFO = INCLUDE_SOURCE;
				MTL_FAST_MATH = YES;
				ONLY_ACTIVE_ARCH = YES;
				SDKROOT = iphoneos;
				SWIFT_ACTIVE_COMPILATION_CONDITIONS = DEBUG;
				SWIFT_OPTIMIZATION_LEVEL = "-Onone";
			};
			name = Debug;
		};
		11588EAD240A5A4D00E0D151 /* Release */ = {
			isa = XCBuildConfiguration;
			buildSettings = {
				ALWAYS_SEARCH_USER_PATHS = NO;
				CLANG_ANALYZER_NONNULL = YES;
				CLANG_ANALYZER_NUMBER_OBJECT_CONVERSION = YES_AGGRESSIVE;
				CLANG_CXX_LANGUAGE_STANDARD = "gnu++14";
				CLANG_CXX_LIBRARY = "libc++";
				CLANG_ENABLE_MODULES = YES;
				CLANG_ENABLE_OBJC_ARC = YES;
				CLANG_ENABLE_OBJC_WEAK = YES;
				CLANG_WARN_BLOCK_CAPTURE_AUTORELEASING = YES;
				CLANG_WARN_BOOL_CONVERSION = YES;
				CLANG_WARN_COMMA = YES;
				CLANG_WARN_CONSTANT_CONVERSION = YES;
				CLANG_WARN_DEPRECATED_OBJC_IMPLEMENTATIONS = YES;
				CLANG_WARN_DIRECT_OBJC_ISA_USAGE = YES_ERROR;
				CLANG_WARN_DOCUMENTATION_COMMENTS = YES;
				CLANG_WARN_EMPTY_BODY = YES;
				CLANG_WARN_ENUM_CONVERSION = YES;
				CLANG_WARN_INFINITE_RECURSION = YES;
				CLANG_WARN_INT_CONVERSION = YES;
				CLANG_WARN_NON_LITERAL_NULL_CONVERSION = YES;
				CLANG_WARN_OBJC_IMPLICIT_RETAIN_SELF = YES;
				CLANG_WARN_OBJC_LITERAL_CONVERSION = YES;
				CLANG_WARN_OBJC_ROOT_CLASS = YES_ERROR;
				CLANG_WARN_RANGE_LOOP_ANALYSIS = YES;
				CLANG_WARN_STRICT_PROTOTYPES = YES;
				CLANG_WARN_SUSPICIOUS_MOVE = YES;
				CLANG_WARN_UNGUARDED_AVAILABILITY = YES_AGGRESSIVE;
				CLANG_WARN_UNREACHABLE_CODE = YES;
				CLANG_WARN__DUPLICATE_METHOD_MATCH = YES;
				COPY_PHASE_STRIP = NO;
				DEBUG_INFORMATION_FORMAT = "dwarf-with-dsym";
				ENABLE_NS_ASSERTIONS = NO;
				ENABLE_STRICT_OBJC_MSGSEND = YES;
				GCC_C_LANGUAGE_STANDARD = gnu11;
				GCC_NO_COMMON_BLOCKS = YES;
				GCC_WARN_64_TO_32_BIT_CONVERSION = YES;
				GCC_WARN_ABOUT_RETURN_TYPE = YES_ERROR;
				GCC_WARN_UNDECLARED_SELECTOR = YES;
				GCC_WARN_UNINITIALIZED_AUTOS = YES_AGGRESSIVE;
				GCC_WARN_UNUSED_FUNCTION = YES;
				GCC_WARN_UNUSED_VARIABLE = YES;
				IPHONEOS_DEPLOYMENT_TARGET = 13.2;
				MTL_ENABLE_DEBUG_INFO = NO;
				MTL_FAST_MATH = YES;
				SDKROOT = iphoneos;
				SWIFT_COMPILATION_MODE = wholemodule;
				SWIFT_OPTIMIZATION_LEVEL = "-O";
				VALIDATE_PRODUCT = YES;
			};
			name = Release;
		};
		11588EAF240A5A4D00E0D151 /* Debug */ = {
			isa = XCBuildConfiguration;
			baseConfigurationReference = 749DF73904ED84BE8A4E6B35 /* Pods-Casino.debug.xcconfig */;
			buildSettings = {
				ASSETCATALOG_COMPILER_APPICON_NAME = AppIcon;
				CODE_SIGN_ENTITLEMENTS = Casino/Casino.entitlements;
				CODE_SIGN_STYLE = Automatic;
				DEVELOPMENT_TEAM = 56XJY2WYJZ;
				INFOPLIST_FILE = Casino/Info.plist;
				IPHONEOS_DEPLOYMENT_TARGET = 12.4;
				LD_RUNPATH_SEARCH_PATHS = (
					"$(inherited)",
					"@executable_path/Frameworks",
				);
				PRODUCT_BUNDLE_IDENTIFIER = ZawgApps.Casino;
				PRODUCT_NAME = "$(TARGET_NAME)";
				SWIFT_VERSION = 5.0;
				TARGETED_DEVICE_FAMILY = 1;
			};
			name = Debug;
		};
		11588EB0240A5A4D00E0D151 /* Release */ = {
			isa = XCBuildConfiguration;
			baseConfigurationReference = 363CC79C269B74350ACC58E3 /* Pods-Casino.release.xcconfig */;
			buildSettings = {
				ASSETCATALOG_COMPILER_APPICON_NAME = AppIcon;
				CODE_SIGN_ENTITLEMENTS = Casino/Casino.entitlements;
				CODE_SIGN_STYLE = Automatic;
				DEVELOPMENT_TEAM = 56XJY2WYJZ;
				INFOPLIST_FILE = Casino/Info.plist;
				IPHONEOS_DEPLOYMENT_TARGET = 12.4;
				LD_RUNPATH_SEARCH_PATHS = (
					"$(inherited)",
					"@executable_path/Frameworks",
				);
				PRODUCT_BUNDLE_IDENTIFIER = ZawgApps.Casino;
				PRODUCT_NAME = "$(TARGET_NAME)";
				SWIFT_VERSION = 5.0;
				TARGETED_DEVICE_FAMILY = 1;
			};
			name = Release;
		};
/* End XCBuildConfiguration section */

/* Begin XCConfigurationList section */
		11588E92240A5A4B00E0D151 /* Build configuration list for PBXProject "Casino" */ = {
			isa = XCConfigurationList;
			buildConfigurations = (
				11588EAC240A5A4D00E0D151 /* Debug */,
				11588EAD240A5A4D00E0D151 /* Release */,
			);
			defaultConfigurationIsVisible = 0;
			defaultConfigurationName = Release;
		};
		11588EAE240A5A4D00E0D151 /* Build configuration list for PBXNativeTarget "Casino" */ = {
			isa = XCConfigurationList;
			buildConfigurations = (
				11588EAF240A5A4D00E0D151 /* Debug */,
				11588EB0240A5A4D00E0D151 /* Release */,
			);
			defaultConfigurationIsVisible = 0;
			defaultConfigurationName = Release;
		};
/* End XCConfigurationList section */

/* Begin XCVersionGroup section */
		11588EA3240A5A4B00E0D151 /* Casino.xcdatamodeld */ = {
			isa = XCVersionGroup;
			children = (
				11588EA4240A5A4B00E0D151 /* Casino.xcdatamodel */,
			);
			currentVersion = 11588EA4240A5A4B00E0D151 /* Casino.xcdatamodel */;
			path = Casino.xcdatamodeld;
			sourceTree = "<group>";
			versionGroupType = wrapper.xcdatamodel;
		};
/* End XCVersionGroup section */
	};
	rootObject = 11588E8F240A5A4B00E0D151 /* Project object */;
}
