// !$*UTF8*$!
{
	archiveVersion = 1;
	classes = {
	};
	objectVersion = 50;
	objects = {

/* Begin PBXBuildFile section */
		11851A3222FE5F2C00BC88C7 /* AppDelegate.swift in Sources */ = {isa = PBXBuildFile; fileRef = 11851A3122FE5F2C00BC88C7 /* AppDelegate.swift */; };
		11851A3422FE5F2C00BC88C7 /* GameScene.sks in Resources */ = {isa = PBXBuildFile; fileRef = 11851A3322FE5F2C00BC88C7 /* GameScene.sks */; };
		11851A3622FE5F2C00BC88C7 /* Actions.sks in Resources */ = {isa = PBXBuildFile; fileRef = 11851A3522FE5F2C00BC88C7 /* Actions.sks */; };
		11851A3822FE5F2C00BC88C7 /* GameScene.swift in Sources */ = {isa = PBXBuildFile; fileRef = 11851A3722FE5F2C00BC88C7 /* GameScene.swift */; };
		11851A3A22FE5F2C00BC88C7 /* GameViewController.swift in Sources */ = {isa = PBXBuildFile; fileRef = 11851A3922FE5F2C00BC88C7 /* GameViewController.swift */; };
		11851A3D22FE5F2C00BC88C7 /* Main.storyboard in Resources */ = {isa = PBXBuildFile; fileRef = 11851A3B22FE5F2C00BC88C7 /* Main.storyboard */; };
		11851A3F22FE5F3000BC88C7 /* Assets.xcassets in Resources */ = {isa = PBXBuildFile; fileRef = 11851A3E22FE5F3000BC88C7 /* Assets.xcassets */; };
		11851A4222FE5F3000BC88C7 /* LaunchScreen.storyboard in Resources */ = {isa = PBXBuildFile; fileRef = 11851A4022FE5F3000BC88C7 /* LaunchScreen.storyboard */; };
		11851A4D22FE5F3000BC88C7 /* Folklore_WarUITests.swift in Sources */ = {isa = PBXBuildFile; fileRef = 11851A4C22FE5F3000BC88C7 /* Folklore_WarUITests.swift */; };
/* End PBXBuildFile section */

/* Begin PBXContainerItemProxy section */
		11851A4922FE5F3000BC88C7 /* PBXContainerItemProxy */ = {
			isa = PBXContainerItemProxy;
			containerPortal = 11851A2622FE5F2C00BC88C7 /* Project object */;
			proxyType = 1;
			remoteGlobalIDString = 11851A2D22FE5F2C00BC88C7;
			remoteInfo = "Folklore War";
		};
/* End PBXContainerItemProxy section */

/* Begin PBXFileReference section */
		11851A2E22FE5F2C00BC88C7 /* Folklore War.app */ = {isa = PBXFileReference; explicitFileType = wrapper.application; includeInIndex = 0; path = "Folklore War.app"; sourceTree = BUILT_PRODUCTS_DIR; };
		11851A3122FE5F2C00BC88C7 /* AppDelegate.swift */ = {isa = PBXFileReference; lastKnownFileType = sourcecode.swift; path = AppDelegate.swift; sourceTree = "<group>"; };
		11851A3322FE5F2C00BC88C7 /* GameScene.sks */ = {isa = PBXFileReference; lastKnownFileType = file.sks; path = GameScene.sks; sourceTree = "<group>"; };
		11851A3522FE5F2C00BC88C7 /* Actions.sks */ = {isa = PBXFileReference; lastKnownFileType = file.sks; path = Actions.sks; sourceTree = "<group>"; };
		11851A3722FE5F2C00BC88C7 /* GameScene.swift */ = {isa = PBXFileReference; lastKnownFileType = sourcecode.swift; path = GameScene.swift; sourceTree = "<group>"; };
		11851A3922FE5F2C00BC88C7 /* GameViewController.swift */ = {isa = PBXFileReference; lastKnownFileType = sourcecode.swift; path = GameViewController.swift; sourceTree = "<group>"; };
		11851A3C22FE5F2C00BC88C7 /* Base */ = {isa = PBXFileReference; lastKnownFileType = file.storyboard; name = Base; path = Base.lproj/Main.storyboard; sourceTree = "<group>"; };
		11851A3E22FE5F3000BC88C7 /* Assets.xcassets */ = {isa = PBXFileReference; lastKnownFileType = folder.assetcatalog; path = Assets.xcassets; sourceTree = "<group>"; };
		11851A4122FE5F3000BC88C7 /* Base */ = {isa = PBXFileReference; lastKnownFileType = file.storyboard; name = Base; path = Base.lproj/LaunchScreen.storyboard; sourceTree = "<group>"; };
		11851A4322FE5F3000BC88C7 /* Info.plist */ = {isa = PBXFileReference; lastKnownFileType = text.plist.xml; path = Info.plist; sourceTree = "<group>"; };
		11851A4822FE5F3000BC88C7 /* Folklore WarUITests.xctest */ = {isa = PBXFileReference; explicitFileType = wrapper.cfbundle; includeInIndex = 0; path = "Folklore WarUITests.xctest"; sourceTree = BUILT_PRODUCTS_DIR; };
		11851A4C22FE5F3000BC88C7 /* Folklore_WarUITests.swift */ = {isa = PBXFileReference; lastKnownFileType = sourcecode.swift; path = Folklore_WarUITests.swift; sourceTree = "<group>"; };
		11851A4E22FE5F3000BC88C7 /* Info.plist */ = {isa = PBXFileReference; lastKnownFileType = text.plist.xml; path = Info.plist; sourceTree = "<group>"; };
/* End PBXFileReference section */

/* Begin PBXFrameworksBuildPhase section */
		11851A2B22FE5F2C00BC88C7 /* Frameworks */ = {
			isa = PBXFrameworksBuildPhase;
			buildActionMask = 2147483647;
			files = (
			);
			runOnlyForDeploymentPostprocessing = 0;
		};
		11851A4522FE5F3000BC88C7 /* Frameworks */ = {
			isa = PBXFrameworksBuildPhase;
			buildActionMask = 2147483647;
			files = (
			);
			runOnlyForDeploymentPostprocessing = 0;
		};
/* End PBXFrameworksBuildPhase section */

/* Begin PBXGroup section */
		11851A2522FE5F2C00BC88C7 = {
			isa = PBXGroup;
			children = (
				11851A3022FE5F2C00BC88C7 /* Folklore War */,
				11851A4B22FE5F3000BC88C7 /* Folklore WarUITests */,
				11851A2F22FE5F2C00BC88C7 /* Products */,
			);
			sourceTree = "<group>";
		};
		11851A2F22FE5F2C00BC88C7 /* Products */ = {
			isa = PBXGroup;
			children = (
				11851A2E22FE5F2C00BC88C7 /* Folklore War.app */,
				11851A4822FE5F3000BC88C7 /* Folklore WarUITests.xctest */,
			);
			name = Products;
			sourceTree = "<group>";
		};
		11851A3022FE5F2C00BC88C7 /* Folklore War */ = {
			isa = PBXGroup;
			children = (
				11851A3122FE5F2C00BC88C7 /* AppDelegate.swift */,
				11851A3322FE5F2C00BC88C7 /* GameScene.sks */,
				11851A3522FE5F2C00BC88C7 /* Actions.sks */,
				11851A3722FE5F2C00BC88C7 /* GameScene.swift */,
				11851A3922FE5F2C00BC88C7 /* GameViewController.swift */,
				11851A3B22FE5F2C00BC88C7 /* Main.storyboard */,
				11851A3E22FE5F3000BC88C7 /* Assets.xcassets */,
				11851A4022FE5F3000BC88C7 /* LaunchScreen.storyboard */,
				11851A4322FE5F3000BC88C7 /* Info.plist */,
			);
			path = "Folklore War";
			sourceTree = "<group>";
		};
		11851A4B22FE5F3000BC88C7 /* Folklore WarUITests */ = {
			isa = PBXGroup;
			children = (
				11851A4C22FE5F3000BC88C7 /* Folklore_WarUITests.swift */,
				11851A4E22FE5F3000BC88C7 /* Info.plist */,
			);
			path = "Folklore WarUITests";
			sourceTree = "<group>";
		};
/* End PBXGroup section */

/* Begin PBXNativeTarget section */
		11851A2D22FE5F2C00BC88C7 /* Folklore War */ = {
			isa = PBXNativeTarget;
			buildConfigurationList = 11851A5122FE5F3000BC88C7 /* Build configuration list for PBXNativeTarget "Folklore War" */;
			buildPhases = (
				11851A2A22FE5F2C00BC88C7 /* Sources */,
				11851A2B22FE5F2C00BC88C7 /* Frameworks */,
				11851A2C22FE5F2C00BC88C7 /* Resources */,
			);
			buildRules = (
			);
			dependencies = (
			);
			name = "Folklore War";
			productName = "Folklore War";
			productReference = 11851A2E22FE5F2C00BC88C7 /* Folklore War.app */;
			productType = "com.apple.product-type.application";
		};
		11851A4722FE5F3000BC88C7 /* Folklore WarUITests */ = {
			isa = PBXNativeTarget;
			buildConfigurationList = 11851A5422FE5F3000BC88C7 /* Build configuration list for PBXNativeTarget "Folklore WarUITests" */;
			buildPhases = (
				11851A4422FE5F3000BC88C7 /* Sources */,
				11851A4522FE5F3000BC88C7 /* Frameworks */,
				11851A4622FE5F3000BC88C7 /* Resources */,
			);
			buildRules = (
			);
			dependencies = (
				11851A4A22FE5F3000BC88C7 /* PBXTargetDependency */,
			);
			name = "Folklore WarUITests";
			productName = "Folklore WarUITests";
			productReference = 11851A4822FE5F3000BC88C7 /* Folklore WarUITests.xctest */;
			productType = "com.apple.product-type.bundle.ui-testing";
		};
/* End PBXNativeTarget section */

/* Begin PBXProject section */
		11851A2622FE5F2C00BC88C7 /* Project object */ = {
			isa = PBXProject;
			attributes = {
				LastSwiftUpdateCheck = 1020;
				LastUpgradeCheck = 1020;
				ORGANIZATIONNAME = "Justin Herzog";
				TargetAttributes = {
					11851A2D22FE5F2C00BC88C7 = {
						CreatedOnToolsVersion = 10.2.1;
					};
					11851A4722FE5F3000BC88C7 = {
						CreatedOnToolsVersion = 10.2.1;
						TestTargetID = 11851A2D22FE5F2C00BC88C7;
					};
				};
			};
			buildConfigurationList = 11851A2922FE5F2C00BC88C7 /* Build configuration list for PBXProject "Folklore War" */;
			compatibilityVersion = "Xcode 9.3";
			developmentRegion = en;
			hasScannedForEncodings = 0;
			knownRegions = (
				en,
				Base,
			);
			mainGroup = 11851A2522FE5F2C00BC88C7;
			productRefGroup = 11851A2F22FE5F2C00BC88C7 /* Products */;
			projectDirPath = "";
			projectRoot = "";
			targets = (
				11851A2D22FE5F2C00BC88C7 /* Folklore War */,
				11851A4722FE5F3000BC88C7 /* Folklore WarUITests */,
			);
		};
/* End PBXProject section */

/* Begin PBXResourcesBuildPhase section */
		11851A2C22FE5F2C00BC88C7 /* Resources */ = {
			isa = PBXResourcesBuildPhase;
			buildActionMask = 2147483647;
			files = (
				11851A3D22FE5F2C00BC88C7 /* Main.storyboard in Resources */,
				11851A3422FE5F2C00BC88C7 /* GameScene.sks in Resources */,
				11851A3F22FE5F3000BC88C7 /* Assets.xcassets in Resources */,
				11851A4222FE5F3000BC88C7 /* LaunchScreen.storyboard in Resources */,
				11851A3622FE5F2C00BC88C7 /* Actions.sks in Resources */,
			);
			runOnlyForDeploymentPostprocessing = 0;
		};
		11851A4622FE5F3000BC88C7 /* Resources */ = {
			isa = PBXResourcesBuildPhase;
			buildActionMask = 2147483647;
			files = (
			);
			runOnlyForDeploymentPostprocessing = 0;
		};
/* End PBXResourcesBuildPhase section */

/* Begin PBXSourcesBuildPhase section */
		11851A2A22FE5F2C00BC88C7 /* Sources */ = {
			isa = PBXSourcesBuildPhase;
			buildActionMask = 2147483647;
			files = (
				11851A3822FE5F2C00BC88C7 /* GameScene.swift in Sources */,
				11851A3A22FE5F2C00BC88C7 /* GameViewController.swift in Sources */,
				11851A3222FE5F2C00BC88C7 /* AppDelegate.swift in Sources */,
			);
			runOnlyForDeploymentPostprocessing = 0;
		};
		11851A4422FE5F3000BC88C7 /* Sources */ = {
			isa = PBXSourcesBuildPhase;
			buildActionMask = 2147483647;
			files = (
				11851A4D22FE5F3000BC88C7 /* Folklore_WarUITests.swift in Sources */,
			);
			runOnlyForDeploymentPostprocessing = 0;
		};
/* End PBXSourcesBuildPhase section */

/* Begin PBXTargetDependency section */
		11851A4A22FE5F3000BC88C7 /* PBXTargetDependency */ = {
			isa = PBXTargetDependency;
			target = 11851A2D22FE5F2C00BC88C7 /* Folklore War */;
			targetProxy = 11851A4922FE5F3000BC88C7 /* PBXContainerItemProxy */;
		};
/* End PBXTargetDependency section */

/* Begin PBXVariantGroup section */
		11851A3B22FE5F2C00BC88C7 /* Main.storyboard */ = {
			isa = PBXVariantGroup;
			children = (
				11851A3C22FE5F2C00BC88C7 /* Base */,
			);
			name = Main.storyboard;
			sourceTree = "<group>";
		};
		11851A4022FE5F3000BC88C7 /* LaunchScreen.storyboard */ = {
			isa = PBXVariantGroup;
			children = (
				11851A4122FE5F3000BC88C7 /* Base */,
			);
			name = LaunchScreen.storyboard;
			sourceTree = "<group>";
		};
/* End PBXVariantGroup section */

/* Begin XCBuildConfiguration section */
		11851A4F22FE5F3000BC88C7 /* Debug */ = {
			isa = XCBuildConfiguration;
			buildSettings = {
				ALWAYS_SEARCH_USER_PATHS = NO;
				CLANG_ANALYZER_NONNULL = YES;
				CLANG_ANALYZER_NUMBER_OBJECT_CONVERSION = YES_AGGRESSIVE;
				CLANG_CXX_LANGUAGE_STANDARD = "gnu++14";
				CLANG_CXX_LIBRARY = "libc++";
				CLANG_ENABLE_MODULES = YES;
				CLANG_ENABLE_OBJC_ARC = YES;
				CLANG_ENABLE_OBJC_WEAK = YES;
				CLANG_WARN_BLOCK_CAPTURE_AUTORELEASING = YES;
				CLANG_WARN_BOOL_CONVERSION = YES;
				CLANG_WARN_COMMA = YES;
				CLANG_WARN_CONSTANT_CONVERSION = YES;
				CLANG_WARN_DEPRECATED_OBJC_IMPLEMENTATIONS = YES;
				CLANG_WARN_DIRECT_OBJC_ISA_USAGE = YES_ERROR;
				CLANG_WARN_DOCUMENTATION_COMMENTS = YES;
				CLANG_WARN_EMPTY_BODY = YES;
				CLANG_WARN_ENUM_CONVERSION = YES;
				CLANG_WARN_INFINITE_RECURSION = YES;
				CLANG_WARN_INT_CONVERSION = YES;
				CLANG_WARN_NON_LITERAL_NULL_CONVERSION = YES;
				CLANG_WARN_OBJC_IMPLICIT_RETAIN_SELF = YES;
				CLANG_WARN_OBJC_LITERAL_CONVERSION = YES;
				CLANG_WARN_OBJC_ROOT_CLASS = YES_ERROR;
				CLANG_WARN_RANGE_LOOP_ANALYSIS = YES;
				CLANG_WARN_STRICT_PROTOTYPES = YES;
				CLANG_WARN_SUSPICIOUS_MOVE = YES;
				CLANG_WARN_UNGUARDED_AVAILABILITY = YES_AGGRESSIVE;
				CLANG_WARN_UNREACHABLE_CODE = YES;
				CLANG_WARN__DUPLICATE_METHOD_MATCH = YES;
				CODE_SIGN_IDENTITY = "iPhone Developer";
				COPY_PHASE_STRIP = NO;
				DEBUG_INFORMATION_FORMAT = dwarf;
				ENABLE_STRICT_OBJC_MSGSEND = YES;
				ENABLE_TESTABILITY = YES;
				GCC_C_LANGUAGE_STANDARD = gnu11;
				GCC_DYNAMIC_NO_PIC = NO;
				GCC_NO_COMMON_BLOCKS = YES;
				GCC_OPTIMIZATION_LEVEL = 0;
				GCC_PREPROCESSOR_DEFINITIONS = (
					"DEBUG=1",
					"$(inherited)",
				);
				GCC_WARN_64_TO_32_BIT_CONVERSION = YES;
				GCC_WARN_ABOUT_RETURN_TYPE = YES_ERROR;
				GCC_WARN_UNDECLARED_SELECTOR = YES;
				GCC_WARN_UNINITIALIZED_AUTOS = YES_AGGRESSIVE;
				GCC_WARN_UNUSED_FUNCTION = YES;
				GCC_WARN_UNUSED_VARIABLE = YES;
				IPHONEOS_DEPLOYMENT_TARGET = 12.2;
				MTL_ENABLE_DEBUG_INFO = INCLUDE_SOURCE;
				MTL_FAST_MATH = YES;
				ONLY_ACTIVE_ARCH = YES;
				SDKROOT = iphoneos;
				SWIFT_ACTIVE_COMPILATION_CONDITIONS = DEBUG;
				SWIFT_OPTIMIZATION_LEVEL = "-Onone";
			};
			name = Debug;
		};
		11851A5022FE5F3000BC88C7 /* Release */ = {
			isa = XCBuildConfiguration;
			buildSettings = {
				ALWAYS_SEARCH_USER_PATHS = NO;
				CLANG_ANALYZER_NONNULL = YES;
				CLANG_ANALYZER_NUMBER_OBJECT_CONVERSION = YES_AGGRESSIVE;
				CLANG_CXX_LANGUAGE_STANDARD = "gnu++14";
				CLANG_CXX_LIBRARY = "libc++";
				CLANG_ENABLE_MODULES = YES;
				CLANG_ENABLE_OBJC_ARC = YES;
				CLANG_ENABLE_OBJC_WEAK = YES;
				CLANG_WARN_BLOCK_CAPTURE_AUTORELEASING = YES;
				CLANG_WARN_BOOL_CONVERSION = YES;
				CLANG_WARN_COMMA = YES;
				CLANG_WARN_CONSTANT_CONVERSION = YES;
				CLANG_WARN_DEPRECATED_OBJC_IMPLEMENTATIONS = YES;
				CLANG_WARN_DIRECT_OBJC_ISA_USAGE = YES_ERROR;
				CLANG_WARN_DOCUMENTATION_COMMENTS = YES;
				CLANG_WARN_EMPTY_BODY = YES;
				CLANG_WARN_ENUM_CONVERSION = YES;
				CLANG_WARN_INFINITE_RECURSION = YES;
				CLANG_WARN_INT_CONVERSION = YES;
				CLANG_WARN_NON_LITERAL_NULL_CONVERSION = YES;
				CLANG_WARN_OBJC_IMPLICIT_RETAIN_SELF = YES;
				CLANG_WARN_OBJC_LITERAL_CONVERSION = YES;
				CLANG_WARN_OBJC_ROOT_CLASS = YES_ERROR;
				CLANG_WARN_RANGE_LOOP_ANALYSIS = YES;
				CLANG_WARN_STRICT_PROTOTYPES = YES;
				CLANG_WARN_SUSPICIOUS_MOVE = YES;
				CLANG_WARN_UNGUARDED_AVAILABILITY = YES_AGGRESSIVE;
				CLANG_WARN_UNREACHABLE_CODE = YES;
				CLANG_WARN__DUPLICATE_METHOD_MATCH = YES;
				CODE_SIGN_IDENTITY = "iPhone Developer";
				COPY_PHASE_STRIP = NO;
				DEBUG_INFORMATION_FORMAT = "dwarf-with-dsym";
				ENABLE_NS_ASSERTIONS = NO;
				ENABLE_STRICT_OBJC_MSGSEND = YES;
				GCC_C_LANGUAGE_STANDARD = gnu11;
				GCC_NO_COMMON_BLOCKS = YES;
				GCC_WARN_64_TO_32_BIT_CONVERSION = YES;
				GCC_WARN_ABOUT_RETURN_TYPE = YES_ERROR;
				GCC_WARN_UNDECLARED_SELECTOR = YES;
				GCC_WARN_UNINITIALIZED_AUTOS = YES_AGGRESSIVE;
				GCC_WARN_UNUSED_FUNCTION = YES;
				GCC_WARN_UNUSED_VARIABLE = YES;
				IPHONEOS_DEPLOYMENT_TARGET = 12.2;
				MTL_ENABLE_DEBUG_INFO = NO;
				MTL_FAST_MATH = YES;
				SDKROOT = iphoneos;
				SWIFT_COMPILATION_MODE = wholemodule;
				SWIFT_OPTIMIZATION_LEVEL = "-O";
				VALIDATE_PRODUCT = YES;
			};
			name = Release;
		};
		11851A5222FE5F3000BC88C7 /* Debug */ = {
			isa = XCBuildConfiguration;
			buildSettings = {
				ASSETCATALOG_COMPILER_APPICON_NAME = AppIcon;
				CODE_SIGN_STYLE = Automatic;
				DEVELOPMENT_TEAM = 56XJY2WYJZ;
				INFOPLIST_FILE = "Folklore War/Info.plist";
				LD_RUNPATH_SEARCH_PATHS = (
					"$(inherited)",
					"@executable_path/Frameworks",
				);
				PRODUCT_BUNDLE_IDENTIFIER = "ZawgApps.Folklore-War";
				PRODUCT_NAME = "$(TARGET_NAME)";
				SWIFT_VERSION = 5.0;
				TARGETED_DEVICE_FAMILY = "1,2";
			};
			name = Debug;
		};
		11851A5322FE5F3000BC88C7 /* Release */ = {
			isa = XCBuildConfiguration;
			buildSettings = {
				ASSETCATALOG_COMPILER_APPICON_NAME = AppIcon;
				CODE_SIGN_STYLE = Automatic;
				DEVELOPMENT_TEAM = 56XJY2WYJZ;
				INFOPLIST_FILE = "Folklore War/Info.plist";
				LD_RUNPATH_SEARCH_PATHS = (
					"$(inherited)",
					"@executable_path/Frameworks",
				);
				PRODUCT_BUNDLE_IDENTIFIER = "ZawgApps.Folklore-War";
				PRODUCT_NAME = "$(TARGET_NAME)";
				SWIFT_VERSION = 5.0;
				TARGETED_DEVICE_FAMILY = "1,2";
			};
			name = Release;
		};
		11851A5522FE5F3000BC88C7 /* Debug */ = {
			isa = XCBuildConfiguration;
			buildSettings = {
				ALWAYS_EMBED_SWIFT_STANDARD_LIBRARIES = YES;
				CODE_SIGN_STYLE = Automatic;
				DEVELOPMENT_TEAM = 56XJY2WYJZ;
				INFOPLIST_FILE = "Folklore WarUITests/Info.plist";
				LD_RUNPATH_SEARCH_PATHS = (
					"$(inherited)",
					"@executable_path/Frameworks",
					"@loader_path/Frameworks",
				);
				PRODUCT_BUNDLE_IDENTIFIER = "ZawgApps.Folklore-WarUITests";
				PRODUCT_NAME = "$(TARGET_NAME)";
				SWIFT_VERSION = 5.0;
				TARGETED_DEVICE_FAMILY = "1,2";
				TEST_TARGET_NAME = "Folklore War";
			};
			name = Debug;
		};
		11851A5622FE5F3000BC88C7 /* Release */ = {
			isa = XCBuildConfiguration;
			buildSettings = {
				ALWAYS_EMBED_SWIFT_STANDARD_LIBRARIES = YES;
				CODE_SIGN_STYLE = Automatic;
				DEVELOPMENT_TEAM = 56XJY2WYJZ;
				INFOPLIST_FILE = "Folklore WarUITests/Info.plist";
				LD_RUNPATH_SEARCH_PATHS = (
					"$(inherited)",
					"@executable_path/Frameworks",
					"@loader_path/Frameworks",
				);
				PRODUCT_BUNDLE_IDENTIFIER = "ZawgApps.Folklore-WarUITests";
				PRODUCT_NAME = "$(TARGET_NAME)";
				SWIFT_VERSION = 5.0;
				TARGETED_DEVICE_FAMILY = "1,2";
				TEST_TARGET_NAME = "Folklore War";
			};
			name = Release;
		};
/* End XCBuildConfiguration section */

/* Begin XCConfigurationList section */
		11851A2922FE5F2C00BC88C7 /* Build configuration list for PBXProject "Folklore War" */ = {
			isa = XCConfigurationList;
			buildConfigurations = (
				11851A4F22FE5F3000BC88C7 /* Debug */,
				11851A5022FE5F3000BC88C7 /* Release */,
			);
			defaultConfigurationIsVisible = 0;
			defaultConfigurationName = Release;
		};
		11851A5122FE5F3000BC88C7 /* Build configuration list for PBXNativeTarget "Folklore War" */ = {
			isa = XCConfigurationList;
			buildConfigurations = (
				11851A5222FE5F3000BC88C7 /* Debug */,
				11851A5322FE5F3000BC88C7 /* Release */,
			);
			defaultConfigurationIsVisible = 0;
			defaultConfigurationName = Release;
		};
		11851A5422FE5F3000BC88C7 /* Build configuration list for PBXNativeTarget "Folklore WarUITests" */ = {
			isa = XCConfigurationList;
			buildConfigurations = (
				11851A5522FE5F3000BC88C7 /* Debug */,
				11851A5622FE5F3000BC88C7 /* Release */,
			);
			defaultConfigurationIsVisible = 0;
			defaultConfigurationName = Release;
		};
/* End XCConfigurationList section */
	};
	rootObject = 11851A2622FE5F2C00BC88C7 /* Project object */;
}
